{
  "name": "elastic-geo-spatial",
  "version": "1.0.0",
  "lockfileVersion": 2,
  "requires": true,
  "packages": {
    "": {
      "name": "elastic-geo-spatial",
      "version": "1.0.0",
      "license": "ISC",
      "dependencies": {
        "@elastic/elasticsearch": "^7.13.0",
        "@mapbox/geojson-extent": "^1.0.1"
      }
    },
    "node_modules/@elastic/elasticsearch": {
      "version": "7.14.1",
      "resolved": "https://registry.npmjs.org/@elastic/elasticsearch/-/elasticsearch-7.14.1.tgz",
      "integrity": "sha512-pnbh8ddXdxlQdZZfMCwxIIv8KscdhJysVI4ZAc9pBl/cUrLinAj+0gIyTgWA30cOFoKZSLlB9ZXGx6R0SJkIwg==",
      "dependencies": {
        "debug": "^4.3.1",
        "hpagent": "^0.1.1",
        "ms": "^2.1.3",
        "secure-json-parse": "^2.4.0"
      },
      "engines": {
        "node": ">=12"
      }
    },
    "node_modules/@mapbox/extent": {
      "version": "0.4.0",
      "resolved": "https://registry.npmjs.org/@mapbox/extent/-/extent-0.4.0.tgz",
      "integrity": "sha1-PlkfMuHww5gchkI597CsBuYQ+Kk="
    },
    "node_modules/@mapbox/geojson-coords": {
      "version": "0.0.2",
      "resolved": "https://registry.npmjs.org/@mapbox/geojson-coords/-/geojson-coords-0.0.2.tgz",
      "integrity": "sha512-YuVzpseee/P1T5BWyeVVPppyfmuXYHFwZHmybkqaMfu4BWlOf2cmMGKj2Rr92MwfSTOCSUA0PAsVGRG8akY0rg==",
      "dependencies": {
        "@mapbox/geojson-normalize": "0.0.1",
        "geojson-flatten": "^1.0.4"
      }
    },
    "node_modules/@mapbox/geojson-extent": {
      "version": "1.0.1",
      "resolved": "https://registry.npmjs.org/@mapbox/geojson-extent/-/geojson-extent-1.0.1.tgz",
      "integrity": "sha512-hh8LEO3djT4fqfr8sSC6wKt+p0TMiu+KOLMBUiFOyj+zGq7+IXwQGl0ppCVDkyzCewyd9LoGe9zAvDxXrLfhLw==",
      "dependencies": {
        "@mapbox/extent": "0.4.0",
        "@mapbox/geojson-coords": "0.0.2",
        "rw": "~0.1.4",
        "traverse": "~0.6.6"
      },
      "bin": {
        "geojson-extent": "bin/geojson-extent"
      }
    },
    "node_modules/@mapbox/geojson-normalize": {
      "version": "0.0.1",
      "resolved": "https://registry.npmjs.org/@mapbox/geojson-normalize/-/geojson-normalize-0.0.1.tgz",
      "integrity": "sha1-HaHms6et060pkJsw9Dj2BYG3zYA=",
      "bin": {
        "geojson-normalize": "geojson-normalize"
      }
    },
    "node_modules/debug": {
      "version": "4.3.2",
      "resolved": "https://registry.npmjs.org/debug/-/debug-4.3.2.tgz",
      "integrity": "sha512-mOp8wKcvj7XxC78zLgw/ZA+6TSgkoE2C/ienthhRD298T7UNwAg9diBpLRxC0mOezLl4B0xV7M0cCO6P/O0Xhw==",
      "dependencies": {
        "ms": "2.1.2"
      },
      "engines": {
        "node": ">=6.0"
      },
      "peerDependenciesMeta": {
        "supports-color": {
          "optional": true
        }
      }
    },
    "node_modules/debug/node_modules/ms": {
      "version": "2.1.2",
      "resolved": "https://registry.npmjs.org/ms/-/ms-2.1.2.tgz",
      "integrity": "sha512-sGkPx+VjMtmA6MX27oA4FBFELFCZZ4S4XqeGOXCv68tT+jb3vk/RyaKWP0PTKyWtmLSM0b+adUTEvbs1PEaH2w=="
    },
    "node_modules/geojson-flatten": {
      "version": "1.0.4",
      "resolved": "https://registry.npmjs.org/geojson-flatten/-/geojson-flatten-1.0.4.tgz",
      "integrity": "sha512-PpscUXxO6dvvhZxtwuqiI5v+1C/IQYPJRMWoQeaF2oohJgfGYSHKVAe8L+yUqF34PH/hmq9JlwmO+juPw+95/Q==",
      "dependencies": {
        "get-stdin": "^7.0.0",
        "minimist": "^1.2.5"
      },
      "bin": {
        "geojson-flatten": "geojson-flatten"
      }
    },
    "node_modules/get-stdin": {
      "version": "7.0.0",
      "resolved": "https://registry.npmjs.org/get-stdin/-/get-stdin-7.0.0.tgz",
      "integrity": "sha512-zRKcywvrXlXsA0v0i9Io4KDRaAw7+a1ZpjRwl9Wox8PFlVCCHra7E9c4kqXCoCM9nR5tBkaTTZRBoCm60bFqTQ==",
      "engines": {
        "node": ">=8"
      }
    },
    "node_modules/hpagent": {
      "version": "0.1.2",
      "resolved": "https://registry.npmjs.org/hpagent/-/hpagent-0.1.2.tgz",
      "integrity": "sha512-ePqFXHtSQWAFXYmj+JtOTHr84iNrII4/QRlAAPPE+zqnKy4xJo7Ie1Y4kC7AdB+LxLxSTTzBMASsEcy0q8YyvQ=="
    },
    "node_modules/minimist": {
      "version": "1.2.5",
      "resolved": "https://registry.npmjs.org/minimist/-/minimist-1.2.5.tgz",
      "integrity": "sha512-FM9nNUYrRBAELZQT3xeZQ7fmMOBg6nWNmJKTcgsJeaLstP/UODVpGsr5OhXhhXg6f+qtJ8uiZ+PUxkDWcgIXLw=="
    },
    "node_modules/ms": {
      "version": "2.1.3",
      "resolved": "https://registry.npmjs.org/ms/-/ms-2.1.3.tgz",
      "integrity": "sha512-6FlzubTLZG3J2a/NVCAleEhjzq5oxgHyaCU9yYXvcLsvoVaHJq/s5xXI6/XXP6tz7R9xAOtHnSO/tXtF3WRTlA=="
    },
    "node_modules/rw": {
      "version": "0.1.4",
      "resolved": "https://registry.npmjs.org/rw/-/rw-0.1.4.tgz",
      "integrity": "sha1-SQPL2AJIrg7eaFv1j9I2p6mymj4="
    },
    "node_modules/secure-json-parse": {
      "version": "2.4.0",
      "resolved": "https://registry.npmjs.org/secure-json-parse/-/secure-json-parse-2.4.0.tgz",
      "integrity": "sha512-Q5Z/97nbON5t/L/sH6mY2EacfjVGwrCcSi5D3btRO2GZ8pf1K1UN7Z9H5J57hjVU2Qzxr1xO+FmBhOvEkzCMmg=="
    },
    "node_modules/traverse": {
      "version": "0.6.6",
      "resolved": "https://registry.npmjs.org/traverse/-/traverse-0.6.6.tgz",
      "integrity": "sha1-y99WD9e5r2MlAv7UD5GMFX6pcTc="
    }
  },
  "dependencies": {
    "@elastic/elasticsearch": {
      "version": "7.14.1",
      "resolved": "https://registry.npmjs.org/@elastic/elasticsearch/-/elasticsearch-7.14.1.tgz",
      "integrity": "sha512-pnbh8ddXdxlQdZZfMCwxIIv8KscdhJysVI4ZAc9pBl/cUrLinAj+0gIyTgWA30cOFoKZSLlB9ZXGx6R0SJkIwg==",
      "requires": {
        "debug": "^4.3.1",
        "hpagent": "^0.1.1",
        "ms": "^2.1.3",
        "secure-json-parse": "^2.4.0"
      }
    },
    "@mapbox/extent": {
      "version": "0.4.0",
      "resolved": "https://registry.npmjs.org/@mapbox/extent/-/extent-0.4.0.tgz",
      "integrity": "sha1-PlkfMuHww5gchkI597CsBuYQ+Kk="
    },
    "@mapbox/geojson-coords": {
      "version": "0.0.2",
      "resolved": "https://registry.npmjs.org/@mapbox/geojson-coords/-/geojson-coords-0.0.2.tgz",
      "integrity": "sha512-YuVzpseee/P1T5BWyeVVPppyfmuXYHFwZHmybkqaMfu4BWlOf2cmMGKj2Rr92MwfSTOCSUA0PAsVGRG8akY0rg==",
      "requires": {
        "@mapbox/geojson-normalize": "0.0.1",
        "geojson-flatten": "^1.0.4"
      }
    },
    "@mapbox/geojson-extent": {
      "version": "1.0.1",
      "resolved": "https://registry.npmjs.org/@mapbox/geojson-extent/-/geojson-extent-1.0.1.tgz",
      "integrity": "sha512-hh8LEO3djT4fqfr8sSC6wKt+p0TMiu+KOLMBUiFOyj+zGq7+IXwQGl0ppCVDkyzCewyd9LoGe9zAvDxXrLfhLw==",
      "requires": {
        "@mapbox/extent": "0.4.0",
        "@mapbox/geojson-coords": "0.0.2",
        "rw": "~0.1.4",
        "traverse": "~0.6.6"
      }
    },
    "@mapbox/geojson-normalize": {
      "version": "0.0.1",
      "resolved": "https://registry.npmjs.org/@mapbox/geojson-normalize/-/geojson-normalize-0.0.1.tgz",
      "integrity": "sha1-HaHms6et060pkJsw9Dj2BYG3zYA="
    },
    "debug": {
      "version": "4.3.2",
      "resolved": "https://registry.npmjs.org/debug/-/debug-4.3.2.tgz",
      "integrity": "sha512-mOp8wKcvj7XxC78zLgw/ZA+6TSgkoE2C/ienthhRD298T7UNwAg9diBpLRxC0mOezLl4B0xV7M0cCO6P/O0Xhw==",
      "requires": {
        "ms": "2.1.2"
      },
      "dependencies": {
        "ms": {
          "version": "2.1.2",
          "resolved": "https://registry.npmjs.org/ms/-/ms-2.1.2.tgz",
          "integrity": "sha512-sGkPx+VjMtmA6MX27oA4FBFELFCZZ4S4XqeGOXCv68tT+jb3vk/RyaKWP0PTKyWtmLSM0b+adUTEvbs1PEaH2w=="
        }
      }
    },
    "geojson-flatten": {
      "version": "1.0.4",
      "resolved": "https://registry.npmjs.org/geojson-flatten/-/geojson-flatten-1.0.4.tgz",
      "integrity": "sha512-PpscUXxO6dvvhZxtwuqiI5v+1C/IQYPJRMWoQeaF2oohJgfGYSHKVAe8L+yUqF34PH/hmq9JlwmO+juPw+95/Q==",
      "requires": {
        "get-stdin": "^7.0.0",
        "minimist": "^1.2.5"
      }
    },
    "get-stdin": {
      "version": "7.0.0",
      "resolved": "https://registry.npmjs.org/get-stdin/-/get-stdin-7.0.0.tgz",
      "integrity": "sha512-zRKcywvrXlXsA0v0i9Io4KDRaAw7+a1ZpjRwl9Wox8PFlVCCHra7E9c4kqXCoCM9nR5tBkaTTZRBoCm60bFqTQ=="
    },
    "hpagent": {
      "version": "0.1.2",
      "resolved": "https://registry.npmjs.org/hpagent/-/hpagent-0.1.2.tgz",
      "integrity": "sha512-ePqFXHtSQWAFXYmj+JtOTHr84iNrII4/QRlAAPPE+zqnKy4xJo7Ie1Y4kC7AdB+LxLxSTTzBMASsEcy0q8YyvQ=="
    },
    "minimist": {
      "version": "1.2.5",
      "resolved": "https://registry.npmjs.org/minimist/-/minimist-1.2.5.tgz",
      "integrity": "sha512-FM9nNUYrRBAELZQT3xeZQ7fmMOBg6nWNmJKTcgsJeaLstP/UODVpGsr5OhXhhXg6f+qtJ8uiZ+PUxkDWcgIXLw=="
    },
    "ms": {
      "version": "2.1.3",
      "resolved": "https://registry.npmjs.org/ms/-/ms-2.1.3.tgz",
      "integrity": "sha512-6FlzubTLZG3J2a/NVCAleEhjzq5oxgHyaCU9yYXvcLsvoVaHJq/s5xXI6/XXP6tz7R9xAOtHnSO/tXtF3WRTlA=="
    },
    "rw": {
      "version": "0.1.4",
      "resolved": "https://registry.npmjs.org/rw/-/rw-0.1.4.tgz",
      "integrity": "sha1-SQPL2AJIrg7eaFv1j9I2p6mymj4="
    },
    "secure-json-parse": {
      "version": "2.4.0",
      "resolved": "https://registry.npmjs.org/secure-json-parse/-/secure-json-parse-2.4.0.tgz",
      "integrity": "sha512-Q5Z/97nbON5t/L/sH6mY2EacfjVGwrCcSi5D3btRO2GZ8pf1K1UN7Z9H5J57hjVU2Qzxr1xO+FmBhOvEkzCMmg=="
    },
    "traverse": {
      "version": "0.6.6",
      "resolved": "https://registry.npmjs.org/traverse/-/traverse-0.6.6.tgz",
      "integrity": "sha1-y99WD9e5r2MlAv7UD5GMFX6pcTc="
    }
  }
}
